{
    "name": "test",
    "version": "1.0.0",
    "lockfileVersion": 3,
    "requires": true,
    "packages": {
        "": {
            "name": "test",
            "version": "1.0.0",
            "dependencies": {
                "@girs/gjs": "^3.2.9",
                "@girs/gtk-3.0": "^3.24.41-3.2.9",
                "@girs/gtk-4.0": "^4.12.5-3.2.9"
            }
        },
        "node_modules/@girs/atk-1.0": {
            "version": "2.50.1-3.2.9",
            "resolved": "https://registry.npmjs.org/@girs/atk-1.0/-/atk-1.0-2.50.1-3.2.9.tgz",
            "integrity": "sha512-8zhXFR/pCx0b8QMm759Z4JrHgNmO/Gc5K6OT5EhjkFbg9YMY2WCddDvL6GpFMSLdG7tvFzsOqE9KwL3avpoclA==",
            "dependencies": {
                "@girs/gjs": "^3.2.9",
                "@girs/glib-2.0": "^2.78.0-3.2.9",
                "@girs/gobject-2.0": "^2.78.0-3.2.9"
            }
        },
        "node_modules/@girs/cairo-1.0": {
            "version": "1.0.0-3.2.9",
            "resolved": "https://registry.npmjs.org/@girs/cairo-1.0/-/cairo-1.0-1.0.0-3.2.9.tgz",
            "integrity": "sha512-yeBoeyniCKU3IcgpoKUywlviBx2kEVeYjglFw4v5eGGvaBugPWvlShqePxfNmfh2A4cjFzzdLXRN6brQEHgQEA==",
            "dependencies": {
                "@girs/gjs": "^3.2.9",
                "@girs/glib-2.0": "^2.78.0-3.2.9",
                "@girs/gobject-2.0": "^2.78.0-3.2.9"
            }
        },
        "node_modules/@girs/freetype2-2.0": {
            "version": "2.0.0-3.2.9",
            "resolved": "https://registry.npmjs.org/@girs/freetype2-2.0/-/freetype2-2.0-2.0.0-3.2.9.tgz",
            "integrity": "sha512-Og9CTSl2QYnuCtX2L6rYa9WVUetYbaD1Y7BwEe3kOSG2OkDB+hunnF82x1Ctg1iKRRBXgWxadKb28bm2wKx/Jw==",
            "dependencies": {
                "@girs/gjs": "^3.2.9",
                "@girs/gobject-2.0": "^2.78.0-3.2.9"
            }
        },
        "node_modules/@girs/gdk-3.0": {
            "version": "3.24.41-3.2.9",
            "resolved": "https://registry.npmjs.org/@girs/gdk-3.0/-/gdk-3.0-3.24.41-3.2.9.tgz",
            "integrity": "sha512-kvMPHvXQPNvT98XDPvS+B4Ep2cklhiWEt2Z5YUrCf0Ili+UeIFCrV4tsr/EFxwkSEDylizUyNVqDZg8Rj9BgIg==",
            "dependencies": {
                "@girs/cairo-1.0": "^1.0.0-3.2.9",
                "@girs/freetype2-2.0": "^2.0.0-3.2.9",
                "@girs/gdkpixbuf-2.0": "^2.0.0-3.2.9",
                "@girs/gio-2.0": "^2.78.0-3.2.9",
                "@girs/gjs": "^3.2.9",
                "@girs/glib-2.0": "^2.78.0-3.2.9",
                "@girs/gmodule-2.0": "^2.0.0-3.2.9",
                "@girs/gobject-2.0": "^2.78.0-3.2.9",
                "@girs/harfbuzz-0.0": "^8.2.1-3.2.9",
                "@girs/pango-1.0": "^1.51.0-3.2.9"
            }
        },
        "node_modules/@girs/gdk-4.0": {
            "version": "4.0.0-3.2.9",
            "resolved": "https://registry.npmjs.org/@girs/gdk-4.0/-/gdk-4.0-4.0.0-3.2.9.tgz",
            "integrity": "sha512-86+32kDXaSqzicqMCx35O8ZkCrG5Qyyozaq1NQdWhBNUopGNiTLtVkf90aIP0y8ZccIeJKidCWEO3IYiRmmHkg==",
            "dependencies": {
                "@girs/cairo-1.0": "^1.0.0-3.2.9",
                "@girs/freetype2-2.0": "^2.0.0-3.2.9",
                "@girs/gdkpixbuf-2.0": "^2.0.0-3.2.9",
                "@girs/gio-2.0": "^2.78.0-3.2.9",
                "@girs/gjs": "^3.2.9",
                "@girs/glib-2.0": "^2.78.0-3.2.9",
                "@girs/gmodule-2.0": "^2.0.0-3.2.9",
                "@girs/gobject-2.0": "^2.78.0-3.2.9",
                "@girs/harfbuzz-0.0": "^8.2.1-3.2.9",
                "@girs/pango-1.0": "^1.51.0-3.2.9",
                "@girs/pangocairo-1.0": "^1.0.0-3.2.9"
            }
        },
        "node_modules/@girs/gdkpixbuf-2.0": {
            "version": "2.0.0-3.2.9",
            "resolved": "https://registry.npmjs.org/@girs/gdkpixbuf-2.0/-/gdkpixbuf-2.0-2.0.0-3.2.9.tgz",
            "integrity": "sha512-7guULwcaulcOvqvAB8pd6Xr9B2YmK1sQK6CYm5bHZQw9N18LnZkm9ATOAXjXLieaUSeERA6LnBPmtkLUZdeTzA==",
            "dependencies": {
                "@girs/gio-2.0": "^2.78.0-3.2.9",
                "@girs/gjs": "^3.2.9",
                "@girs/glib-2.0": "^2.78.0-3.2.9",
                "@girs/gmodule-2.0": "^2.0.0-3.2.9",
                "@girs/gobject-2.0": "^2.78.0-3.2.9"
            }
        },
        "node_modules/@girs/gio-2.0": {
            "version": "2.78.0-3.2.9",
            "resolved": "https://registry.npmjs.org/@girs/gio-2.0/-/gio-2.0-2.78.0-3.2.9.tgz",
            "integrity": "sha512-A3F1AkBPF8Up6bSfH9zbAUsQqv4dB0jvfUIo5b+SJs6Mt9FhpqNEUMyqeCFTDKDA9n2sK6JxAJviwsW9dxViJA==",
            "dependencies": {
                "@girs/gjs": "^3.2.9",
                "@girs/glib-2.0": "^2.78.0-3.2.9",
                "@girs/gobject-2.0": "^2.78.0-3.2.9"
            }
        },
        "node_modules/@girs/gjs": {
            "version": "3.2.9",
            "resolved": "https://registry.npmjs.org/@girs/gjs/-/gjs-3.2.9.tgz",
            "integrity": "sha512-dJfCNdtt4OLRywlhKOc+h27l5KoOiDhbhkuuG/WaV/jn9KaQ1BMAyVWdBEZu6WzPJlsiWYujis0fe5ZJnrgoDA==",
            "dependencies": {
                "@girs/glib-2.0": "^2.78.0-3.2.9",
                "@girs/gobject-2.0": "^2.78.0-3.2.9"
            }
        },
        "node_modules/@girs/glib-2.0": {
            "version": "2.78.0-3.2.9",
            "resolved": "https://registry.npmjs.org/@girs/glib-2.0/-/glib-2.0-2.78.0-3.2.9.tgz",
            "integrity": "sha512-wcbnSojav6jc4//PYsAJPwXizFlz35/F+AHyFbvutOSdNz4xzzUUZqUhhH2lmoyR8WDvkVWBcQitCmYmPNe6Xg==",
            "dependencies": {
                "@girs/gjs": "^3.2.9",
                "@girs/gobject-2.0": "^2.78.0-3.2.9"
            }
        },
        "node_modules/@girs/gmodule-2.0": {
            "version": "2.0.0-3.2.9",
            "resolved": "https://registry.npmjs.org/@girs/gmodule-2.0/-/gmodule-2.0-2.0.0-3.2.9.tgz",
            "integrity": "sha512-10JS6N7VkPxcom5I3hzD65NmZzQ63ZFmN+2KXZPwTDU6K2A2QrxZB2/3Q3j6KKNc+e/d9GhStL9ISUPLErHoNg==",
            "dependencies": {
                "@girs/gjs": "^3.2.9",
                "@girs/glib-2.0": "^2.78.0-3.2.9",
                "@girs/gobject-2.0": "^2.78.0-3.2.9"
            }
        },
        "node_modules/@girs/gobject-2.0": {
            "version": "2.78.0-3.2.9",
            "resolved": "https://registry.npmjs.org/@girs/gobject-2.0/-/gobject-2.0-2.78.0-3.2.9.tgz",
            "integrity": "sha512-zszoqx7/z7KseQnc7WUXz1jgs3oYskT748cMKLQ7n4pRtL6klrTzlPbM42Szs+Uk6wOKJ+o+MMdcpb8znflDBg==",
            "dependencies": {
                "@girs/gjs": "^3.2.9",
                "@girs/glib-2.0": "^2.78.0-3.2.9"
            }
        },
        "node_modules/@girs/graphene-1.0": {
            "version": "1.0.0-3.2.9",
            "resolved": "https://registry.npmjs.org/@girs/graphene-1.0/-/graphene-1.0-1.0.0-3.2.9.tgz",
            "integrity": "sha512-2iTdpt7XTJAH/K5GiKoF2r0BHe1JghpV+rh81WYtFqM/r9CLs5GipESuraVQvZeK2vyrZcGRjVmoDoiKiA3BlQ==",
            "dependencies": {
                "@girs/gjs": "^3.2.9",
                "@girs/glib-2.0": "^2.78.0-3.2.9",
                "@girs/gobject-2.0": "^2.78.0-3.2.9"
            }
        },
        "node_modules/@girs/gsk-4.0": {
            "version": "4.0.0-3.2.9",
            "resolved": "https://registry.npmjs.org/@girs/gsk-4.0/-/gsk-4.0-4.0.0-3.2.9.tgz",
            "integrity": "sha512-LtGbMKBVYPburnI1JGt2d3uKzHgk4A2QtO4n/kP0T99Rmnxr+D2xwR+VdqcdgkLXoTzdlvodfK1b7W/eILB7CQ==",
            "dependencies": {
                "@girs/cairo-1.0": "^1.0.0-3.2.9",
                "@girs/freetype2-2.0": "^2.0.0-3.2.9",
                "@girs/gdk-4.0": "^4.0.0-3.2.9",
                "@girs/gdkpixbuf-2.0": "^2.0.0-3.2.9",
                "@girs/gio-2.0": "^2.78.0-3.2.9",
                "@girs/gjs": "^3.2.9",
                "@girs/glib-2.0": "^2.78.0-3.2.9",
                "@girs/gmodule-2.0": "^2.0.0-3.2.9",
                "@girs/gobject-2.0": "^2.78.0-3.2.9",
                "@girs/graphene-1.0": "^1.0.0-3.2.9",
                "@girs/harfbuzz-0.0": "^8.2.1-3.2.9",
                "@girs/pango-1.0": "^1.51.0-3.2.9",
                "@girs/pangocairo-1.0": "^1.0.0-3.2.9"
            }
        },
        "node_modules/@girs/gtk-3.0": {
            "version": "3.24.41-3.2.9",
            "resolved": "https://registry.npmjs.org/@girs/gtk-3.0/-/gtk-3.0-3.24.41-3.2.9.tgz",
            "integrity": "sha512-5xOrAgkFvJIEezMiwfrFm8+YMPq6BhVJlfc1hzLgsXNHw61vCxs2Pzkp/TVKpRKQYed/rVC62vInqel3LE+5uw==",
            "dependencies": {
                "@girs/atk-1.0": "^2.50.1-3.2.9",
                "@girs/cairo-1.0": "^1.0.0-3.2.9",
                "@girs/freetype2-2.0": "^2.0.0-3.2.9",
                "@girs/gdk-3.0": "^3.24.41-3.2.9",
                "@girs/gdkpixbuf-2.0": "^2.0.0-3.2.9",
                "@girs/gio-2.0": "^2.78.0-3.2.9",
                "@girs/gjs": "^3.2.9",
                "@girs/glib-2.0": "^2.78.0-3.2.9",
                "@girs/gmodule-2.0": "^2.0.0-3.2.9",
                "@girs/gobject-2.0": "^2.78.0-3.2.9",
                "@girs/harfbuzz-0.0": "^8.2.1-3.2.9",
                "@girs/pango-1.0": "^1.51.0-3.2.9",
                "@girs/xlib-2.0": "^2.0.0-3.2.9"
            }
        },
        "node_modules/@girs/gtk-4.0": {
            "version": "4.12.5-3.2.9",
            "resolved": "https://registry.npmjs.org/@girs/gtk-4.0/-/gtk-4.0-4.12.5-3.2.9.tgz",
            "integrity": "sha512-TweLlhryVS8DnDQouLdJtGv3AeJ9Dv/nKFatPSDlcwUFYCSDa9+R5gA5L7GNh3NobPIa6ZMAT4oAv2fJS7zYFw==",
            "dependencies": {
                "@girs/cairo-1.0": "^1.0.0-3.2.9",
                "@girs/freetype2-2.0": "^2.0.0-3.2.9",
                "@girs/gdk-4.0": "^4.0.0-3.2.9",
                "@girs/gdkpixbuf-2.0": "^2.0.0-3.2.9",
                "@girs/gio-2.0": "^2.78.0-3.2.9",
                "@girs/gjs": "^3.2.9",
                "@girs/glib-2.0": "^2.78.0-3.2.9",
                "@girs/gmodule-2.0": "^2.0.0-3.2.9",
                "@girs/gobject-2.0": "^2.78.0-3.2.9",
                "@girs/graphene-1.0": "^1.0.0-3.2.9",
                "@girs/gsk-4.0": "^4.0.0-3.2.9",
                "@girs/harfbuzz-0.0": "^8.2.1-3.2.9",
                "@girs/pango-1.0": "^1.51.0-3.2.9",
                "@girs/pangocairo-1.0": "^1.0.0-3.2.9"
            }
        },
        "node_modules/@girs/harfbuzz-0.0": {
            "version": "8.2.1-3.2.9",
            "resolved": "https://registry.npmjs.org/@girs/harfbuzz-0.0/-/harfbuzz-0.0-8.2.1-3.2.9.tgz",
            "integrity": "sha512-5o4Ow44ndt9Jnyp5vw6tWYSFESY/inH/3nNoWk1bWpG5TFxOwvW05RiSpdKXb4nTXaDWPBXLZF4Its9Q/GrW2w==",
            "dependencies": {
                "@girs/freetype2-2.0": "^2.0.0-3.2.9",
                "@girs/gjs": "^3.2.9",
                "@girs/glib-2.0": "^2.78.0-3.2.9",
                "@girs/gobject-2.0": "^2.78.0-3.2.9"
            }
        },
        "node_modules/@girs/pango-1.0": {
            "version": "1.51.0-3.2.9",
            "resolved": "https://registry.npmjs.org/@girs/pango-1.0/-/pango-1.0-1.51.0-3.2.9.tgz",
            "integrity": "sha512-dWIvPJoFnpgWQcflTyGhXN5TmlmW0OvTG6kjBFwVJLwT2H6vugUKk9665MvEQDywaeGZzdfrJqQo/oFplhVSBg==",
            "dependencies": {
                "@girs/cairo-1.0": "^1.0.0-3.2.9",
                "@girs/freetype2-2.0": "^2.0.0-3.2.9",
                "@girs/gio-2.0": "^2.78.0-3.2.9",
                "@girs/gjs": "^3.2.9",
                "@girs/glib-2.0": "^2.78.0-3.2.9",
                "@girs/gobject-2.0": "^2.78.0-3.2.9",
                "@girs/harfbuzz-0.0": "^8.2.1-3.2.9"
            }
        },
        "node_modules/@girs/pangocairo-1.0": {
            "version": "1.0.0-3.2.9",
            "resolved": "https://registry.npmjs.org/@girs/pangocairo-1.0/-/pangocairo-1.0-1.0.0-3.2.9.tgz",
            "integrity": "sha512-9tpiYEwdx9829p0oQFrC5Y38USGeap2Y+yNeD8Klf1Pb9pGC/lVjAjrqmGC/nSAyLHz3SlK1kTDP1fBsqoCEng==",
            "dependencies": {
                "@girs/cairo-1.0": "^1.0.0-3.2.9",
                "@girs/freetype2-2.0": "^2.0.0-3.2.9",
                "@girs/gio-2.0": "^2.78.0-3.2.9",
                "@girs/gjs": "^3.2.9",
                "@girs/glib-2.0": "^2.78.0-3.2.9",
                "@girs/gobject-2.0": "^2.78.0-3.2.9",
                "@girs/harfbuzz-0.0": "^8.2.1-3.2.9",
                "@girs/pango-1.0": "^1.51.0-3.2.9"
            }
        },
        "node_modules/@girs/xlib-2.0": {
            "version": "2.0.0-3.2.9",
            "resolved": "https://registry.npmjs.org/@girs/xlib-2.0/-/xlib-2.0-2.0.0-3.2.9.tgz",
            "integrity": "sha512-Y3NmwvWJS68ssj5VWdV6b2c6KP5ySoKj8LB7Ksz8tYCJpf/B712ZFuZQtKR5N5LOGVrTtRswtyvqVoeVm5h5gA==",
            "dependencies": {
                "@girs/gjs": "^3.2.9",
                "@girs/gobject-2.0": "^2.78.0-3.2.9"
            }
        }
    }
}
